// !$*UTF8*$!
{
	archiveVersion = 1;
	classes = {
	};
	objectVersion = 50;
	objects = {

/* Begin PBXBuildFile section */
		3924E1BE23F7EF8E00B7A19B /* AppDelegate.swift in Sources */ = {isa = PBXBuildFile; fileRef = 3924E1BD23F7EF8E00B7A19B /* AppDelegate.swift */; };
		3924E1C023F7EF8E00B7A19B /* SceneDelegate.swift in Sources */ = {isa = PBXBuildFile; fileRef = 3924E1BF23F7EF8E00B7A19B /* SceneDelegate.swift */; };
		3924E1C223F7EF8E00B7A19B /* ContentView.swift in Sources */ = {isa = PBXBuildFile; fileRef = 3924E1C123F7EF8E00B7A19B /* ContentView.swift */; };
		3924E1C423F7EF9D00B7A19B /* Assets.xcassets in Resources */ = {isa = PBXBuildFile; fileRef = 3924E1C323F7EF9D00B7A19B /* Assets.xcassets */; };
		3924E1C723F7EF9D00B7A19B /* Preview Assets.xcassets in Resources */ = {isa = PBXBuildFile; fileRef = 3924E1C623F7EF9D00B7A19B /* Preview Assets.xcassets */; };
		3924E1CA23F7EF9D00B7A19B /* LaunchScreen.storyboard in Resources */ = {isa = PBXBuildFile; fileRef = 3924E1C823F7EF9D00B7A19B /* LaunchScreen.storyboard */; };
		3924E1D523F7EF9F00B7A19B /* AboutCanadaExerciseTests.swift in Sources */ = {isa = PBXBuildFile; fileRef = 3924E1D423F7EF9F00B7A19B /* AboutCanadaExerciseTests.swift */; };
		3924E1E023F7EF9F00B7A19B /* AboutCanadaExerciseUITests.swift in Sources */ = {isa = PBXBuildFile; fileRef = 3924E1DF23F7EF9F00B7A19B /* AboutCanadaExerciseUITests.swift */; };
/* End PBXBuildFile section */

/* Begin PBXContainerItemProxy section */
		3924E1D123F7EF9F00B7A19B /* PBXContainerItemProxy */ = {
			isa = PBXContainerItemProxy;
			containerPortal = 3924E1B223F7EF8D00B7A19B /* Project object */;
			proxyType = 1;
			remoteGlobalIDString = 3924E1B923F7EF8D00B7A19B;
			remoteInfo = AboutCanadaExercise;
		};
		3924E1DC23F7EF9F00B7A19B /* PBXContainerItemProxy */ = {
			isa = PBXContainerItemProxy;
			containerPortal = 3924E1B223F7EF8D00B7A19B /* Project object */;
			proxyType = 1;
			remoteGlobalIDString = 3924E1B923F7EF8D00B7A19B;
			remoteInfo = AboutCanadaExercise;
		};
/* End PBXContainerItemProxy section */

/* Begin PBXFileReference section */
		3924E1BA23F7EF8D00B7A19B /* AboutCanadaExercise.app */ = {isa = PBXFileReference; explicitFileType = wrapper.application; includeInIndex = 0; path = AboutCanadaExercise.app; sourceTree = BUILT_PRODUCTS_DIR; };
		3924E1BD23F7EF8E00B7A19B /* AppDelegate.swift */ = {isa = PBXFileReference; lastKnownFileType = sourcecode.swift; path = AppDelegate.swift; sourceTree = "<group>"; };
		3924E1BF23F7EF8E00B7A19B /* SceneDelegate.swift */ = {isa = PBXFileReference; lastKnownFileType = sourcecode.swift; path = SceneDelegate.swift; sourceTree = "<group>"; };
		3924E1C123F7EF8E00B7A19B /* ContentView.swift */ = {isa = PBXFileReference; lastKnownFileType = sourcecode.swift; path = ContentView.swift; sourceTree = "<group>"; };
		3924E1C323F7EF9D00B7A19B /* Assets.xcassets */ = {isa = PBXFileReference; lastKnownFileType = folder.assetcatalog; path = Assets.xcassets; sourceTree = "<group>"; };
		3924E1C623F7EF9D00B7A19B /* Preview Assets.xcassets */ = {isa = PBXFileReference; lastKnownFileType = folder.assetcatalog; path = "Preview Assets.xcassets"; sourceTree = "<group>"; };
		3924E1C923F7EF9D00B7A19B /* Base */ = {isa = PBXFileReference; lastKnownFileType = file.storyboard; name = Base; path = Base.lproj/LaunchScreen.storyboard; sourceTree = "<group>"; };
		3924E1CB23F7EF9D00B7A19B /* Info.plist */ = {isa = PBXFileReference; lastKnownFileType = text.plist.xml; path = Info.plist; sourceTree = "<group>"; };
		3924E1D023F7EF9E00B7A19B /* AboutCanadaExerciseTests.xctest */ = {isa = PBXFileReference; explicitFileType = wrapper.cfbundle; includeInIndex = 0; path = AboutCanadaExerciseTests.xctest; sourceTree = BUILT_PRODUCTS_DIR; };
		3924E1D423F7EF9F00B7A19B /* AboutCanadaExerciseTests.swift */ = {isa = PBXFileReference; lastKnownFileType = sourcecode.swift; path = AboutCanadaExerciseTests.swift; sourceTree = "<group>"; };
		3924E1D623F7EF9F00B7A19B /* Info.plist */ = {isa = PBXFileReference; lastKnownFileType = text.plist.xml; path = Info.plist; sourceTree = "<group>"; };
		3924E1DB23F7EF9F00B7A19B /* AboutCanadaExerciseUITests.xctest */ = {isa = PBXFileReference; explicitFileType = wrapper.cfbundle; includeInIndex = 0; path = AboutCanadaExerciseUITests.xctest; sourceTree = BUILT_PRODUCTS_DIR; };
		3924E1DF23F7EF9F00B7A19B /* AboutCanadaExerciseUITests.swift */ = {isa = PBXFileReference; lastKnownFileType = sourcecode.swift; path = AboutCanadaExerciseUITests.swift; sourceTree = "<group>"; };
		3924E1E123F7EF9F00B7A19B /* Info.plist */ = {isa = PBXFileReference; lastKnownFileType = text.plist.xml; path = Info.plist; sourceTree = "<group>"; };
/* End PBXFileReference section */

/* Begin PBXFrameworksBuildPhase section */
		3924E1B723F7EF8D00B7A19B /* Frameworks */ = {
			isa = PBXFrameworksBuildPhase;
			buildActionMask = 2147483647;
			files = (
			);
			runOnlyForDeploymentPostprocessing = 0;
		};
		3924E1CD23F7EF9E00B7A19B /* Frameworks */ = {
			isa = PBXFrameworksBuildPhase;
			buildActionMask = 2147483647;
			files = (
			);
			runOnlyForDeploymentPostprocessing = 0;
		};
		3924E1D823F7EF9F00B7A19B /* Frameworks */ = {
			isa = PBXFrameworksBuildPhase;
			buildActionMask = 2147483647;
			files = (
			);
			runOnlyForDeploymentPostprocessing = 0;
		};
/* End PBXFrameworksBuildPhase section */

/* Begin PBXGroup section */
		3924E1B123F7EF8D00B7A19B = {
			isa = PBXGroup;
			children = (
				3924E1BC23F7EF8D00B7A19B /* AboutCanadaExercise */,
				3924E1D323F7EF9F00B7A19B /* AboutCanadaExerciseTests */,
				3924E1DE23F7EF9F00B7A19B /* AboutCanadaExerciseUITests */,
				3924E1BB23F7EF8D00B7A19B /* Products */,
			);
			sourceTree = "<group>";
		};
		3924E1BB23F7EF8D00B7A19B /* Products */ = {
			isa = PBXGroup;
			children = (
				3924E1BA23F7EF8D00B7A19B /* AboutCanadaExercise.app */,
				3924E1D023F7EF9E00B7A19B /* AboutCanadaExerciseTests.xctest */,
				3924E1DB23F7EF9F00B7A19B /* AboutCanadaExerciseUITests.xctest */,
			);
			name = Products;
			sourceTree = "<group>";
		};
		3924E1BC23F7EF8D00B7A19B /* AboutCanadaExercise */ = {
			isa = PBXGroup;
			children = (
				3924E1BD23F7EF8E00B7A19B /* AppDelegate.swift */,
				3924E1BF23F7EF8E00B7A19B /* SceneDelegate.swift */,
				3924E1C123F7EF8E00B7A19B /* ContentView.swift */,
				3924E1C323F7EF9D00B7A19B /* Assets.xcassets */,
				3924E1C823F7EF9D00B7A19B /* LaunchScreen.storyboard */,
				3924E1CB23F7EF9D00B7A19B /* Info.plist */,
				3924E1C523F7EF9D00B7A19B /* Preview Content */,
			);
			path = AboutCanadaExercise;
			sourceTree = "<group>";
		};
		3924E1C523F7EF9D00B7A19B /* Preview Content */ = {
			isa = PBXGroup;
			children = (
				3924E1C623F7EF9D00B7A19B /* Preview Assets.xcassets */,
			);
			path = "Preview Content";
			sourceTree = "<group>";
		};
		3924E1D323F7EF9F00B7A19B /* AboutCanadaExerciseTests */ = {
			isa = PBXGroup;
			children = (
				3924E1D423F7EF9F00B7A19B /* AboutCanadaExerciseTests.swift */,
				3924E1D623F7EF9F00B7A19B /* Info.plist */,
			);
			path = AboutCanadaExerciseTests;
			sourceTree = "<group>";
		};
		3924E1DE23F7EF9F00B7A19B /* AboutCanadaExerciseUITests */ = {
			isa = PBXGroup;
			children = (
				3924E1DF23F7EF9F00B7A19B /* AboutCanadaExerciseUITests.swift */,
				3924E1E123F7EF9F00B7A19B /* Info.plist */,
			);
			path = AboutCanadaExerciseUITests;
			sourceTree = "<group>";
		};
/* End PBXGroup section */

/* Begin PBXNativeTarget section */
		3924E1B923F7EF8D00B7A19B /* AboutCanadaExercise */ = {
			isa = PBXNativeTarget;
			buildConfigurationList = 3924E1E423F7EF9F00B7A19B /* Build configuration list for PBXNativeTarget "AboutCanadaExercise" */;
			buildPhases = (
				3924E1B623F7EF8D00B7A19B /* Sources */,
				3924E1B723F7EF8D00B7A19B /* Frameworks */,
				3924E1B823F7EF8D00B7A19B /* Resources */,
			);
			buildRules = (
			);
			dependencies = (
			);
			name = AboutCanadaExercise;
			productName = AboutCanadaExercise;
			productReference = 3924E1BA23F7EF8D00B7A19B /* AboutCanadaExercise.app */;
			productType = "com.apple.product-type.application";
		};
		3924E1CF23F7EF9E00B7A19B /* AboutCanadaExerciseTests */ = {
			isa = PBXNativeTarget;
			buildConfigurationList = 3924E1E723F7EF9F00B7A19B /* Build configuration list for PBXNativeTarget "AboutCanadaExerciseTests" */;
			buildPhases = (
				3924E1CC23F7EF9E00B7A19B /* Sources */,
				3924E1CD23F7EF9E00B7A19B /* Frameworks */,
				3924E1CE23F7EF9E00B7A19B /* Resources */,
			);
			buildRules = (
			);
			dependencies = (
				3924E1D223F7EF9F00B7A19B /* PBXTargetDependency */,
			);
			name = AboutCanadaExerciseTests;
			productName = AboutCanadaExerciseTests;
			productReference = 3924E1D023F7EF9E00B7A19B /* AboutCanadaExerciseTests.xctest */;
			productType = "com.apple.product-type.bundle.unit-test";
		};
		3924E1DA23F7EF9F00B7A19B /* AboutCanadaExerciseUITests */ = {
			isa = PBXNativeTarget;
			buildConfigurationList = 3924E1EA23F7EF9F00B7A19B /* Build configuration list for PBXNativeTarget "AboutCanadaExerciseUITests" */;
			buildPhases = (
				3924E1D723F7EF9F00B7A19B /* Sources */,
				3924E1D823F7EF9F00B7A19B /* Frameworks */,
				3924E1D923F7EF9F00B7A19B /* Resources */,
			);
			buildRules = (
			);
			dependencies = (
				3924E1DD23F7EF9F00B7A19B /* PBXTargetDependency */,
			);
			name = AboutCanadaExerciseUITests;
			productName = AboutCanadaExerciseUITests;
			productReference = 3924E1DB23F7EF9F00B7A19B /* AboutCanadaExerciseUITests.xctest */;
			productType = "com.apple.product-type.bundle.ui-testing";
		};
/* End PBXNativeTarget section */

/* Begin PBXProject section */
		3924E1B223F7EF8D00B7A19B /* Project object */ = {
			isa = PBXProject;
			attributes = {
				LastSwiftUpdateCheck = 1130;
				LastUpgradeCheck = 1130;
				ORGANIZATIONNAME = "Ashish Tripathi";
				TargetAttributes = {
					3924E1B923F7EF8D00B7A19B = {
						CreatedOnToolsVersion = 11.3.1;
					};
					3924E1CF23F7EF9E00B7A19B = {
						CreatedOnToolsVersion = 11.3.1;
						TestTargetID = 3924E1B923F7EF8D00B7A19B;
					};
					3924E1DA23F7EF9F00B7A19B = {
						CreatedOnToolsVersion = 11.3.1;
						TestTargetID = 3924E1B923F7EF8D00B7A19B;
					};
				};
			};
			buildConfigurationList = 3924E1B523F7EF8D00B7A19B /* Build configuration list for PBXProject "AboutCanadaExercise" */;
			compatibilityVersion = "Xcode 9.3";
			developmentRegion = en;
			hasScannedForEncodings = 0;
			knownRegions = (
				en,
				Base,
			);
			mainGroup = 3924E1B123F7EF8D00B7A19B;
			productRefGroup = 3924E1BB23F7EF8D00B7A19B /* Products */;
			projectDirPath = "";
			projectRoot = "";
			targets = (
				3924E1B923F7EF8D00B7A19B /* AboutCanadaExercise */,
				3924E1CF23F7EF9E00B7A19B /* AboutCanadaExerciseTests */,
				3924E1DA23F7EF9F00B7A19B /* AboutCanadaExerciseUITests */,
			);
		};
/* End PBXProject section */

/* Begin PBXResourcesBuildPhase section */
		3924E1B823F7EF8D00B7A19B /* Resources */ = {
			isa = PBXResourcesBuildPhase;
			buildActionMask = 2147483647;
			files = (
				3924E1CA23F7EF9D00B7A19B /* LaunchScreen.storyboard in Resources */,
				3924E1C723F7EF9D00B7A19B /* Preview Assets.xcassets in Resources */,
				3924E1C423F7EF9D00B7A19B /* Assets.xcassets in Resources */,
			);
			runOnlyForDeploymentPostprocessing = 0;
		};
		3924E1CE23F7EF9E00B7A19B /* Resources */ = {
			isa = PBXResourcesBuildPhase;
			buildActionMask = 2147483647;
			files = (
			);
			runOnlyForDeploymentPostprocessing = 0;
		};
		3924E1D923F7EF9F00B7A19B /* Resources */ = {
			isa = PBXResourcesBuildPhase;
			buildActionMask = 2147483647;
			files = (
			);
			runOnlyForDeploymentPostprocessing = 0;
		};
/* End PBXResourcesBuildPhase section */

/* Begin PBXSourcesBuildPhase section */
		3924E1B623F7EF8D00B7A19B /* Sources */ = {
			isa = PBXSourcesBuildPhase;
			buildActionMask = 2147483647;
			files = (
				3924E1BE23F7EF8E00B7A19B /* AppDelegate.swift in Sources */,
				3924E1C023F7EF8E00B7A19B /* SceneDelegate.swift in Sources */,
				3924E1C223F7EF8E00B7A19B /* ContentView.swift in Sources */,
			);
			runOnlyForDeploymentPostprocessing = 0;
		};
		3924E1CC23F7EF9E00B7A19B /* Sources */ = {
			isa = PBXSourcesBuildPhase;
			buildActionMask = 2147483647;
			files = (
				3924E1D523F7EF9F00B7A19B /* AboutCanadaExerciseTests.swift in Sources */,
			);
			runOnlyForDeploymentPostprocessing = 0;
		};
		3924E1D723F7EF9F00B7A19B /* Sources */ = {
			isa = PBXSourcesBuildPhase;
			buildActionMask = 2147483647;
			files = (
				3924E1E023F7EF9F00B7A19B /* AboutCanadaExerciseUITests.swift in Sources */,
			);
			runOnlyForDeploymentPostprocessing = 0;
		};
/* End PBXSourcesBuildPhase section */

/* Begin PBXTargetDependency section */
		3924E1D223F7EF9F00B7A19B /* PBXTargetDependency */ = {
			isa = PBXTargetDependency;
			target = 3924E1B923F7EF8D00B7A19B /* AboutCanadaExercise */;
			targetProxy = 3924E1D123F7EF9F00B7A19B /* PBXContainerItemProxy */;
		};
		3924E1DD23F7EF9F00B7A19B /* PBXTargetDependency */ = {
			isa = PBXTargetDependency;
			target = 3924E1B923F7EF8D00B7A19B /* AboutCanadaExercise */;
			targetProxy = 3924E1DC23F7EF9F00B7A19B /* PBXContainerItemProxy */;
		};
/* End PBXTargetDependency section */

/* Begin PBXVariantGroup section */
		3924E1C823F7EF9D00B7A19B /* LaunchScreen.storyboard */ = {
			isa = PBXVariantGroup;
			children = (
				3924E1C923F7EF9D00B7A19B /* Base */,
			);
			name = LaunchScreen.storyboard;
			sourceTree = "<group>";
		};
/* End PBXVariantGroup section */

/* Begin XCBuildConfiguration section */
		3924E1E223F7EF9F00B7A19B /* Debug */ = {
			isa = XCBuildConfiguration;
			buildSettings = {
				ALWAYS_SEARCH_USER_PATHS = NO;
				CLANG_ANALYZER_NONNULL = YES;
				CLANG_ANALYZER_NUMBER_OBJECT_CONVERSION = YES_AGGRESSIVE;
				CLANG_CXX_LANGUAGE_STANDARD = "gnu++14";
				CLANG_CXX_LIBRARY = "libc++";
				CLANG_ENABLE_MODULES = YES;
				CLANG_ENABLE_OBJC_ARC = YES;
				CLANG_ENABLE_OBJC_WEAK = YES;
				CLANG_WARN_BLOCK_CAPTURE_AUTORELEASING = YES;
				CLANG_WARN_BOOL_CONVERSION = YES;
				CLANG_WARN_COMMA = YES;
				CLANG_WARN_CONSTANT_CONVERSION = YES;
				CLANG_WARN_DEPRECATED_OBJC_IMPLEMENTATIONS = YES;
				CLANG_WARN_DIRECT_OBJC_ISA_USAGE = YES_ERROR;
				CLANG_WARN_DOCUMENTATION_COMMENTS = YES;
				CLANG_WARN_EMPTY_BODY = YES;
				CLANG_WARN_ENUM_CONVERSION = YES;
				CLANG_WARN_INFINITE_RECURSION = YES;
				CLANG_WARN_INT_CONVERSION = YES;
				CLANG_WARN_NON_LITERAL_NULL_CONVERSION = YES;
				CLANG_WARN_OBJC_IMPLICIT_RETAIN_SELF = YES;
				CLANG_WARN_OBJC_LITERAL_CONVERSION = YES;
				CLANG_WARN_OBJC_ROOT_CLASS = YES_ERROR;
				CLANG_WARN_RANGE_LOOP_ANALYSIS = YES;
				CLANG_WARN_STRICT_PROTOTYPES = YES;
				CLANG_WARN_SUSPICIOUS_MOVE = YES;
				CLANG_WARN_UNGUARDED_AVAILABILITY = YES_AGGRESSIVE;
				CLANG_WARN_UNREACHABLE_CODE = YES;
				CLANG_WARN__DUPLICATE_METHOD_MATCH = YES;
				COPY_PHASE_STRIP = NO;
				DEBUG_INFORMATION_FORMAT = dwarf;
				ENABLE_STRICT_OBJC_MSGSEND = YES;
				ENABLE_TESTABILITY = YES;
				GCC_C_LANGUAGE_STANDARD = gnu11;
				GCC_DYNAMIC_NO_PIC = NO;
				GCC_NO_COMMON_BLOCKS = YES;
				GCC_OPTIMIZATION_LEVEL = 0;
				GCC_PREPROCESSOR_DEFINITIONS = (
					"DEBUG=1",
					"$(inherited)",
				);
				GCC_WARN_64_TO_32_BIT_CONVERSION = YES;
				GCC_WARN_ABOUT_RETURN_TYPE = YES_ERROR;
				GCC_WARN_UNDECLARED_SELECTOR = YES;
				GCC_WARN_UNINITIALIZED_AUTOS = YES_AGGRESSIVE;
				GCC_WARN_UNUSED_FUNCTION = YES;
				GCC_WARN_UNUSED_VARIABLE = YES;
				IPHONEOS_DEPLOYMENT_TARGET = 13.2;
				MTL_ENABLE_DEBUG_INFO = INCLUDE_SOURCE;
				MTL_FAST_MATH = YES;
				ONLY_ACTIVE_ARCH = YES;
				SDKROOT = iphoneos;
				SWIFT_ACTIVE_COMPILATION_CONDITIONS = DEBUG;
				SWIFT_OPTIMIZATION_LEVEL = "-Onone";
			};
			name = Debug;
		};
		3924E1E323F7EF9F00B7A19B /* Release */ = {
			isa = XCBuildConfiguration;
			buildSettings = {
				ALWAYS_SEARCH_USER_PATHS = NO;
				CLANG_ANALYZER_NONNULL = YES;
				CLANG_ANALYZER_NUMBER_OBJECT_CONVERSION = YES_AGGRESSIVE;
				CLANG_CXX_LANGUAGE_STANDARD = "gnu++14";
				CLANG_CXX_LIBRARY = "libc++";
				CLANG_ENABLE_MODULES = YES;
				CLANG_ENABLE_OBJC_ARC = YES;
				CLANG_ENABLE_OBJC_WEAK = YES;
				CLANG_WARN_BLOCK_CAPTURE_AUTORELEASING = YES;
				CLANG_WARN_BOOL_CONVERSION = YES;
				CLANG_WARN_COMMA = YES;
				CLANG_WARN_CONSTANT_CONVERSION = YES;
				CLANG_WARN_DEPRECATED_OBJC_IMPLEMENTATIONS = YES;
				CLANG_WARN_DIRECT_OBJC_ISA_USAGE = YES_ERROR;
				CLANG_WARN_DOCUMENTATION_COMMENTS = YES;
				CLANG_WARN_EMPTY_BODY = YES;
				CLANG_WARN_ENUM_CONVERSION = YES;
				CLANG_WARN_INFINITE_RECURSION = YES;
				CLANG_WARN_INT_CONVERSION = YES;
				CLANG_WARN_NON_LITERAL_NULL_CONVERSION = YES;
				CLANG_WARN_OBJC_IMPLICIT_RETAIN_SELF = YES;
				CLANG_WARN_OBJC_LITERAL_CONVERSION = YES;
				CLANG_WARN_OBJC_ROOT_CLASS = YES_ERROR;
				CLANG_WARN_RANGE_LOOP_ANALYSIS = YES;
				CLANG_WARN_STRICT_PROTOTYPES = YES;
				CLANG_WARN_SUSPICIOUS_MOVE = YES;
				CLANG_WARN_UNGUARDED_AVAILABILITY = YES_AGGRESSIVE;
				CLANG_WARN_UNREACHABLE_CODE = YES;
				CLANG_WARN__DUPLICATE_METHOD_MATCH = YES;
				COPY_PHASE_STRIP = NO;
				DEBUG_INFORMATION_FORMAT = "dwarf-with-dsym";
				ENABLE_NS_ASSERTIONS = NO;
				ENABLE_STRICT_OBJC_MSGSEND = YES;
				GCC_C_LANGUAGE_STANDARD = gnu11;
				GCC_NO_COMMON_BLOCKS = YES;
				GCC_WARN_64_TO_32_BIT_CONVERSION = YES;
				GCC_WARN_ABOUT_RETURN_TYPE = YES_ERROR;
				GCC_WARN_UNDECLARED_SELECTOR = YES;
				GCC_WARN_UNINITIALIZED_AUTOS = YES_AGGRESSIVE;
				GCC_WARN_UNUSED_FUNCTION = YES;
				GCC_WARN_UNUSED_VARIABLE = YES;
				IPHONEOS_DEPLOYMENT_TARGET = 13.2;
				MTL_ENABLE_DEBUG_INFO = NO;
				MTL_FAST_MATH = YES;
				SDKROOT = iphoneos;
				SWIFT_COMPILATION_MODE = wholemodule;
				SWIFT_OPTIMIZATION_LEVEL = "-O";
				VALIDATE_PRODUCT = YES;
			};
			name = Release;
		};
		3924E1E523F7EF9F00B7A19B /* Debug */ = {
			isa = XCBuildConfiguration;
			buildSettings = {
				ASSETCATALOG_COMPILER_APPICON_NAME = AppIcon;
				CODE_SIGN_STYLE = Automatic;
				DEVELOPMENT_ASSET_PATHS = "\"AboutCanadaExercise/Preview Content\"";
				DEVELOPMENT_TEAM = YH8P2UYFR5;
				ENABLE_PREVIEWS = YES;
				INFOPLIST_FILE = AboutCanadaExercise/Info.plist;
				LD_RUNPATH_SEARCH_PATHS = (
					"$(inherited)",
					"@executable_path/Frameworks",
				);
				PRODUCT_BUNDLE_IDENTIFIER = au.com.telstra..AboutCanadaExercise;
				PRODUCT_NAME = "$(TARGET_NAME)";
				SWIFT_VERSION = 5.0;
				TARGETED_DEVICE_FAMILY = "1,2";
			};
			name = Debug;
		};
		3924E1E623F7EF9F00B7A19B /* Release */ = {
			isa = XCBuildConfiguration;
			buildSettings = {
				ASSETCATALOG_COMPILER_APPICON_NAME = AppIcon;
				CODE_SIGN_STYLE = Automatic;
				DEVELOPMENT_ASSET_PATHS = "\"AboutCanadaExercise/Preview Content\"";
				DEVELOPMENT_TEAM = YH8P2UYFR5;
				ENABLE_PREVIEWS = YES;
				INFOPLIST_FILE = AboutCanadaExercise/Info.plist;
				LD_RUNPATH_SEARCH_PATHS = (
					"$(inherited)",
					"@executable_path/Frameworks",
				);
				PRODUCT_BUNDLE_IDENTIFIER = au.com.telstra..AboutCanadaExercise;
				PRODUCT_NAME = "$(TARGET_NAME)";
				SWIFT_VERSION = 5.0;
				TARGETED_DEVICE_FAMILY = "1,2";
			};
			name = Release;
		};
		3924E1E823F7EF9F00B7A19B /* Debug */ = {
			isa = XCBuildConfiguration;
			buildSettings = {
				ALWAYS_EMBED_SWIFT_STANDARD_LIBRARIES = YES;
				BUNDLE_LOADER = "$(TEST_HOST)";
				CODE_SIGN_STYLE = Automatic;
				DEVELOPMENT_TEAM = YH8P2UYFR5;
				INFOPLIST_FILE = AboutCanadaExerciseTests/Info.plist;
				IPHONEOS_DEPLOYMENT_TARGET = 13.2;
				LD_RUNPATH_SEARCH_PATHS = (
					"$(inherited)",
					"@executable_path/Frameworks",
					"@loader_path/Frameworks",
				);
				PRODUCT_BUNDLE_IDENTIFIER = au.com.telstra..AboutCanadaExerciseTests;
				PRODUCT_NAME = "$(TARGET_NAME)";
				SWIFT_VERSION = 5.0;
				TARGETED_DEVICE_FAMILY = "1,2";
				TEST_HOST = "$(BUILT_PRODUCTS_DIR)/AboutCanadaExercise.app/AboutCanadaExercise";
			};
			name = Debug;
		};
		3924E1E923F7EF9F00B7A19B /* Release */ = {
			isa = XCBuildConfiguration;
			buildSettings = {
				ALWAYS_EMBED_SWIFT_STANDARD_LIBRARIES = YES;
				BUNDLE_LOADER = "$(TEST_HOST)";
				CODE_SIGN_STYLE = Automatic;
				DEVELOPMENT_TEAM = YH8P2UYFR5;
				INFOPLIST_FILE = AboutCanadaExerciseTests/Info.plist;
				IPHONEOS_DEPLOYMENT_TARGET = 13.2;
				LD_RUNPATH_SEARCH_PATHS = (
					"$(inherited)",
					"@executable_path/Frameworks",
					"@loader_path/Frameworks",
				);
				PRODUCT_BUNDLE_IDENTIFIER = au.com.telstra..AboutCanadaExerciseTests;
				PRODUCT_NAME = "$(TARGET_NAME)";
				SWIFT_VERSION = 5.0;
				TARGETED_DEVICE_FAMILY = "1,2";
				TEST_HOST = "$(BUILT_PRODUCTS_DIR)/AboutCanadaExercise.app/AboutCanadaExercise";
			};
			name = Release;
		};
		3924E1EB23F7EF9F00B7A19B /* Debug */ = {
			isa = XCBuildConfiguration;
			buildSettings = {
				ALWAYS_EMBED_SWIFT_STANDARD_LIBRARIES = YES;
				CODE_SIGN_STYLE = Automatic;
				DEVELOPMENT_TEAM = YH8P2UYFR5;
				INFOPLIST_FILE = AboutCanadaExerciseUITests/Info.plist;
				LD_RUNPATH_SEARCH_PATHS = (
					"$(inherited)",
					"@executable_path/Frameworks",
					"@loader_path/Frameworks",
				);
				PRODUCT_BUNDLE_IDENTIFIER = au.com.telstra..AboutCanadaExerciseUITests;
				PRODUCT_NAME = "$(TARGET_NAME)";
				SWIFT_VERSION = 5.0;
				TARGETED_DEVICE_FAMILY = "1,2";
				TEST_TARGET_NAME = AboutCanadaExercise;
			};
			name = Debug;
		};
		3924E1EC23F7EF9F00B7A19B /* Release */ = {
			isa = XCBuildConfiguration;
			buildSettings = {
				ALWAYS_EMBED_SWIFT_STANDARD_LIBRARIES = YES;
				CODE_SIGN_STYLE = Automatic;
				DEVELOPMENT_TEAM = YH8P2UYFR5;
				INFOPLIST_FILE = AboutCanadaExerciseUITests/Info.plist;
				LD_RUNPATH_SEARCH_PATHS = (
					"$(inherited)",
					"@executable_path/Frameworks",
					"@loader_path/Frameworks",
				);
				PRODUCT_BUNDLE_IDENTIFIER = au.com.telstra..AboutCanadaExerciseUITests;
				PRODUCT_NAME = "$(TARGET_NAME)";
				SWIFT_VERSION = 5.0;
				TARGETED_DEVICE_FAMILY = "1,2";
				TEST_TARGET_NAME = AboutCanadaExercise;
			};
			name = Release;
		};
/* End XCBuildConfiguration section */

/* Begin XCConfigurationList section */
		3924E1B523F7EF8D00B7A19B /* Build configuration list for PBXProject "AboutCanadaExercise" */ = {
			isa = XCConfigurationList;
			buildConfigurations = (
				3924E1E223F7EF9F00B7A19B /* Debug */,
				3924E1E323F7EF9F00B7A19B /* Release */,
			);
			defaultConfigurationIsVisible = 0;
			defaultConfigurationName = Release;
		};
		3924E1E423F7EF9F00B7A19B /* Build configuration list for PBXNativeTarget "AboutCanadaExercise" */ = {
			isa = XCConfigurationList;
			buildConfigurations = (
				3924E1E523F7EF9F00B7A19B /* Debug */,
				3924E1E623F7EF9F00B7A19B /* Release */,
			);
			defaultConfigurationIsVisible = 0;
			defaultConfigurationName = Release;
		};
		3924E1E723F7EF9F00B7A19B /* Build configuration list for PBXNativeTarget "AboutCanadaExerciseTests" */ = {
			isa = XCConfigurationList;
			buildConfigurations = (
				3924E1E823F7EF9F00B7A19B /* Debug */,
				3924E1E923F7EF9F00B7A19B /* Release */,
			);
			defaultConfigurationIsVisible = 0;
			defaultConfigurationName = Release;
		};
		3924E1EA23F7EF9F00B7A19B /* Build configuration list for PBXNativeTarget "AboutCanadaExerciseUITests" */ = {
			isa = XCConfigurationList;
			buildConfigurations = (
				3924E1EB23F7EF9F00B7A19B /* Debug */,
				3924E1EC23F7EF9F00B7A19B /* Release */,
			);
			defaultConfigurationIsVisible = 0;
			defaultConfigurationName = Release;
		};
/* End XCConfigurationList section */
	};
	rootObject = 3924E1B223F7EF8D00B7A19B /* Project object */;
}
